
Microsoft Visual Studio Solution File, Format Version 12.00
# Visual Studio Version 16
VisualStudioVersion = 16.0.29230.47
MinimumVisualStudioVersion = 10.0.40219.1
Project("{FAE04EC0-301F-11D3-BF4B-00C04F79EFBC}") = "MyConsole", "MyConsole\MyConsole.csproj", "{35778079-3A1D-40D3-A62E-DB958C2BECDD}"
EndProject
Project("{FAE04EC0-301F-11D3-BF4B-00C04F79EFBC}") = "DAL", "DAL\DAL.csproj", "{784FE08E-21BE-48F5-A596-B0A511A04157}"
EndProject
Project("{FAE04EC0-301F-11D3-BF4B-00C04F79EFBC}") = "BL", "BL\BL.csproj", "{8D852B81-2510-40C8-B24E-5481064C23BE}"
EndProject
Global
	GlobalSection(SolutionConfigurationPlatforms) = preSolution
		Debug|Any CPU = Debug|Any CPU
		Release|Any CPU = Release|Any CPU
	EndGlobalSection
	GlobalSection(ProjectConfigurationPlatforms) = postSolution
		{35778079-3A1D-40D3-A62E-DB958C2BECDD}.Debug|Any CPU.ActiveCfg = Debug|Any CPU
		{35778079-3A1D-40D3-A62E-DB958C2BECDD}.Debug|Any CPU.Build.0 = Debug|Any CPU
		{35778079-3A1D-40D3-A62E-DB958C2BECDD}.Release|Any CPU.ActiveCfg = Release|Any CPU
		{35778079-3A1D-40D3-A62E-DB958C2BECDD}.Release|Any CPU.Build.0 = Release|Any CPU
		{784FE08E-21BE-48F5-A596-B0A511A04157}.Debug|Any CPU.ActiveCfg = Debug|Any CPU
		{784FE08E-21BE-48F5-A596-B0A511A04157}.Debug|Any CPU.Build.0 = Debug|Any CPU
		{784FE08E-21BE-48F5-A596-B0A511A04157}.Release|Any CPU.ActiveCfg = Release|Any CPU
		{784FE08E-21BE-48F5-A596-B0A511A04157}.Release|Any CPU.Build.0 = Release|Any CPU
		{8D852B81-2510-40C8-B24E-5481064C23BE}.Debug|Any CPU.ActiveCfg = Debug|Any CPU
		{8D852B81-2510-40C8-B24E-5481064C23BE}.Debug|Any CPU.Build.0 = Debug|Any CPU
		{8D852B81-2510-40C8-B24E-5481064C23BE}.Release|Any CPU.ActiveCfg = Release|Any CPU
		{8D852B81-2510-40C8-B24E-5481064C23BE}.Release|Any CPU.Build.0 = Release|Any CPU
	EndGlobalSection
	GlobalSection(SolutionProperties) = preSolution
		HideSolutionNode = FALSE
	EndGlobalSection
	GlobalSection(ExtensibilityGlobals) = postSolution
		SolutionGuid = {6F34BF92-E323-42CF-A813-E2E6DE382F1B}
	EndGlobalSection
EndGlobal
